
Microsoft Visual Studio Solution File, Format Version 12.00
# Visual Studio 2013
VisualStudioVersion = 12.0.21005.1
MinimumVisualStudioVersion = 10.0.40219.1
Project("{FAE04EC0-301F-11D3-BF4B-00C04F79EFBC}") = "SpentBook.Web", "SpentBook.Web\SpentBook.Web.csproj", "{A05CD158-1AA5-4CEA-A38F-0E08C14086E1}"
EndProject
Project("{FAE04EC0-301F-11D3-BF4B-00C04F79EFBC}") = "SpentBook.Domain", "SpentBook.Domain\SpentBook.Domain.csproj", "{4BA8F0D9-943E-42DC-B833-077F354D3AEA}"
EndProject
Project("{FAE04EC0-301F-11D3-BF4B-00C04F79EFBC}") = "SpentBook.Data.FileSystem", "SpentBook.Data.FileSystem\SpentBook.Data.FileSystem.csproj", "{5A1FFABF-780D-430F-BBF6-5D3B8D56864E}"
EndProject
Project("{FAE04EC0-301F-11D3-BF4B-00C04F79EFBC}") = "DotNet.Highcharts", "DotNet.Highcharts\DotNet.Highcharts.csproj", "{6FE2EA1E-85E3-4969-BE6C-C08C9BA9029A}"
EndProject
Project("{FAE04EC0-301F-11D3-BF4B-00C04F79EFBC}") = "ExpressionGraph", "..\..\ExpressionGraph\src\ExpressionGraph\ExpressionGraph.csproj", "{8DE63A2D-7367-473D-8CF2-0EFA652E5FBD}"
EndProject
Global
	GlobalSection(SolutionConfigurationPlatforms) = preSolution
		Debug|Any CPU = Debug|Any CPU
		Release|Any CPU = Release|Any CPU
	EndGlobalSection
	GlobalSection(ProjectConfigurationPlatforms) = postSolution
		{A05CD158-1AA5-4CEA-A38F-0E08C14086E1}.Debug|Any CPU.ActiveCfg = Debug|Any CPU
		{A05CD158-1AA5-4CEA-A38F-0E08C14086E1}.Debug|Any CPU.Build.0 = Debug|Any CPU
		{A05CD158-1AA5-4CEA-A38F-0E08C14086E1}.Release|Any CPU.ActiveCfg = Release|Any CPU
		{A05CD158-1AA5-4CEA-A38F-0E08C14086E1}.Release|Any CPU.Build.0 = Release|Any CPU
		{4BA8F0D9-943E-42DC-B833-077F354D3AEA}.Debug|Any CPU.ActiveCfg = Debug|Any CPU
		{4BA8F0D9-943E-42DC-B833-077F354D3AEA}.Debug|Any CPU.Build.0 = Debug|Any CPU
		{4BA8F0D9-943E-42DC-B833-077F354D3AEA}.Release|Any CPU.ActiveCfg = Release|Any CPU
		{4BA8F0D9-943E-42DC-B833-077F354D3AEA}.Release|Any CPU.Build.0 = Release|Any CPU
		{5A1FFABF-780D-430F-BBF6-5D3B8D56864E}.Debug|Any CPU.ActiveCfg = Debug|Any CPU
		{5A1FFABF-780D-430F-BBF6-5D3B8D56864E}.Debug|Any CPU.Build.0 = Debug|Any CPU
		{5A1FFABF-780D-430F-BBF6-5D3B8D56864E}.Release|Any CPU.ActiveCfg = Release|Any CPU
		{5A1FFABF-780D-430F-BBF6-5D3B8D56864E}.Release|Any CPU.Build.0 = Release|Any CPU
		{6FE2EA1E-85E3-4969-BE6C-C08C9BA9029A}.Debug|Any CPU.ActiveCfg = Debug|Any CPU
		{6FE2EA1E-85E3-4969-BE6C-C08C9BA9029A}.Debug|Any CPU.Build.0 = Debug|Any CPU
		{6FE2EA1E-85E3-4969-BE6C-C08C9BA9029A}.Release|Any CPU.ActiveCfg = Release|Any CPU
		{6FE2EA1E-85E3-4969-BE6C-C08C9BA9029A}.Release|Any CPU.Build.0 = Release|Any CPU
		{8DE63A2D-7367-473D-8CF2-0EFA652E5FBD}.Debug|Any CPU.ActiveCfg = Debug|Any CPU
		{8DE63A2D-7367-473D-8CF2-0EFA652E5FBD}.Debug|Any CPU.Build.0 = Debug|Any CPU
		{8DE63A2D-7367-473D-8CF2-0EFA652E5FBD}.Release|Any CPU.ActiveCfg = Release|Any CPU
		{8DE63A2D-7367-473D-8CF2-0EFA652E5FBD}.Release|Any CPU.Build.0 = Release|Any CPU
	EndGlobalSection
	GlobalSection(SolutionProperties) = preSolution
		HideSolutionNode = FALSE
	EndGlobalSection
EndGlobal
